
Microsoft Visual Studio Solution File, Format Version 12.00
# Visual Studio 14
VisualStudioVersion = 14.0.25420.1
MinimumVisualStudioVersion = 10.0.40219.1
Project("{FAE04EC0-301F-11D3-BF4B-00C04F79EFBC}") = "BE", "BE\BE.csproj", "{B319BAEB-6A88-4ECB-9762-4628EC7DE6C0}"
EndProject
Project("{FAE04EC0-301F-11D3-BF4B-00C04F79EFBC}") = "DAL", "DAL\DAL.csproj", "{91400C5C-2FBF-4120-B987-622CA7527127}"
EndProject
Project("{FAE04EC0-301F-11D3-BF4B-00C04F79EFBC}") = "DS", "DS\DS.csproj", "{53D9367B-1630-4E4C-A881-DDD701FE9D34}"
EndProject
Project("{FAE04EC0-301F-11D3-BF4B-00C04F79EFBC}") = "BL", "BL\BL.csproj", "{FEBA42D9-C5F5-4D09-9AE5-0ECC160A0140}"
EndProject
Global
	GlobalSection(SolutionConfigurationPlatforms) = preSolution
		Debug|Any CPU = Debug|Any CPU
		Release|Any CPU = Release|Any CPU
	EndGlobalSection
	GlobalSection(ProjectConfigurationPlatforms) = postSolution
		{B319BAEB-6A88-4ECB-9762-4628EC7DE6C0}.Debug|Any CPU.ActiveCfg = Debug|Any CPU
		{B319BAEB-6A88-4ECB-9762-4628EC7DE6C0}.Debug|Any CPU.Build.0 = Debug|Any CPU
		{B319BAEB-6A88-4ECB-9762-4628EC7DE6C0}.Release|Any CPU.ActiveCfg = Release|Any CPU
		{B319BAEB-6A88-4ECB-9762-4628EC7DE6C0}.Release|Any CPU.Build.0 = Release|Any CPU
		{91400C5C-2FBF-4120-B987-622CA7527127}.Debug|Any CPU.ActiveCfg = Debug|Any CPU
		{91400C5C-2FBF-4120-B987-622CA7527127}.Debug|Any CPU.Build.0 = Debug|Any CPU
		{91400C5C-2FBF-4120-B987-622CA7527127}.Release|Any CPU.ActiveCfg = Release|Any CPU
		{91400C5C-2FBF-4120-B987-622CA7527127}.Release|Any CPU.Build.0 = Release|Any CPU
		{53D9367B-1630-4E4C-A881-DDD701FE9D34}.Debug|Any CPU.ActiveCfg = Debug|Any CPU
		{53D9367B-1630-4E4C-A881-DDD701FE9D34}.Debug|Any CPU.Build.0 = Debug|Any CPU
		{53D9367B-1630-4E4C-A881-DDD701FE9D34}.Release|Any CPU.ActiveCfg = Release|Any CPU
		{53D9367B-1630-4E4C-A881-DDD701FE9D34}.Release|Any CPU.Build.0 = Release|Any CPU
		{FEBA42D9-C5F5-4D09-9AE5-0ECC160A0140}.Debug|Any CPU.ActiveCfg = Debug|Any CPU
		{FEBA42D9-C5F5-4D09-9AE5-0ECC160A0140}.Debug|Any CPU.Build.0 = Debug|Any CPU
		{FEBA42D9-C5F5-4D09-9AE5-0ECC160A0140}.Release|Any CPU.ActiveCfg = Release|Any CPU
		{FEBA42D9-C5F5-4D09-9AE5-0ECC160A0140}.Release|Any CPU.Build.0 = Release|Any CPU
	EndGlobalSection
	GlobalSection(SolutionProperties) = preSolution
		HideSolutionNode = FALSE
	EndGlobalSection
EndGlobal
